{
  "version": 4,
  "terraform_version": "1.5.7",
  "serial": 10,
  "lineage": "1bd4166f-a097-08b6-9af0-395e185fe88f",
  "outputs": {
    "ip_address": {
      "value": "157.245.36.16",
      "type": "string"
    }
  },
  "resources": [
    {
      "mode": "managed",
      "type": "digitalocean_droplet",
      "name": "web",
      "provider": "provider[\"registry.terraform.io/digitalocean/digitalocean\"]",
      "instances": [
        {
          "schema_version": 1,
          "attributes": {
            "backups": false,
            "created_at": "2023-10-10T09:26:24Z",
            "disk": 25,
            "droplet_agent": null,
            "graceful_shutdown": false,
            "id": "378946738",
            "image": "centos-7-x64",
            "ipv4_address": "157.245.36.16",
            "ipv4_address_private": "10.106.0.2",
            "ipv6": false,
            "ipv6_address": "",
            "locked": false,
            "memory": 1024,
            "monitoring": true,
            "name": "web-test",
            "price_hourly": 0.00893,
            "price_monthly": 6,
            "private_networking": true,
            "region": "lon1",
            "resize_disk": true,
            "size": "s-1vcpu-1gb",
            "ssh_keys": [
              "39646964"
            ],
            "status": "active",
            "tags": null,
            "timeouts": null,
            "urn": "do:droplet:378946738",
            "user_data": "f979e93940585afce9cdac81ab3458f7f3f359e7",
            "vcpus": 1,
            "volume_ids": [],
            "vpc_uuid": "dac1aec0-adde-4ae9-a4e5-cc87840e4c56"
          },
          "sensitive_attributes": [],
          "private": "eyJlMmJmYjczMC1lY2FhLTExZTYtOGY4OC0zNDM2M2JjN2M0YzAiOnsiY3JlYXRlIjozNjAwMDAwMDAwMDAwLCJkZWxldGUiOjYwMDAwMDAwMDAwLCJ1cGRhdGUiOjM2MDAwMDAwMDAwMDB9LCJzY2hlbWFfdmVyc2lvbiI6IjEifQ==",
          "dependencies": [
            "digitalocean_ssh_key.web"
          ]
        }
      ]
    },
    {
      "mode": "managed",
      "type": "digitalocean_ssh_key",
      "name": "web",
      "provider": "provider[\"registry.terraform.io/digitalocean/digitalocean\"]",
      "instances": [
        {
          "schema_version": 0,
          "attributes": {
            "fingerprint": "f5:66:d6:b2:ec:08:ad:99:5b:b8:c1:50:85:bf:16:c2",
            "id": "39646964",
            "name": "webapp ssh key",
            "public_key": "ssh-rsa AAAAB3NzaC1yc2EAAAADAQABAAABgQC1hHGfQxRczm2m+41nF4KZbXjk0a0vCiMyRjemO63ApDcqXElkY1NdGWYgZIfm2UGh7F6ZTVJDvoUUshVlrzYpUg3TWL1eYsJMwPXITVk6LSC/3wXUAx845Sq4v0kMfVBdLdIuCWrhXTLKr+XqS0l34u4JnpsTMJ9KA5VKX258TmGMc8Iok+i+hp5MgcNvBDkUwK9m/3DuKzlsB/kpMECeGBylIczfbCuqeI3od+FF7TO9/ifG2/jHrmNgfR+w8ivemSFLJo9Fl/ZLZOC8K2Q09gRRpkcGTt1o1HOKaSTMkvtkJeqrdC42spOJ2WcjiSTzYm8EYG4IGX2aphlnoj7zQ/z/vGj/LH1JOgIeihzEMO7t7KS4nhL+4g+rDVGOFB0+w9yh3asoUFMYBF9Ibpm3pKvKmSkCp1LXy4o7UmVCwx6Bvhv3wVVJt8yRQWQg3Ym4QWVe53ehXs/FCme8Ipduj9AqTW8jPyWRa4EmIPJN3TPK1T68f4sSp/vXzezaOTk= ectag\\ceyla-me@MUCWFT-ELA02\r\n"
          },
          "sensitive_attributes": [],
          "private": "bnVsbA=="
        }
      ]
    }
  ],
  "check_results": null
}
